
Microsoft Visual Studio Solution File, Format Version 12.00
# Visual Studio Version 18
VisualStudioVersion = 18.5.11716.220 stable
MinimumVisualStudioVersion = 10.0.40219.1
Project("{FAE04EC0-301F-11D3-BF4B-00C04F79EFBC}") = "MaxChemical.Shell", "MaxChemical.Shell\MaxChemical.Shell.csproj", "{F96DA0CA-79A7-4387-AAAF-6DD47577BFA7}"
EndProject
Project("{FAE04EC0-301F-11D3-BF4B-00C04F79EFBC}") = "MaxChemical.Infrastructure", "MaxChemical.Infrastructure\MaxChemical.Infrastructure.csproj", "{579F79ED-B10C-45E2-8BD2-7ADAAD6D6413}"
EndProject
Project("{FAE04EC0-301F-11D3-BF4B-00C04F79EFBC}") = "MaxChemical.Core", "MaxChemical.Core\MaxChemical.Core.csproj", "{F8715EB9-71FA-FC15-1255-B24C22573BB5}"
EndProject
Project("{FAE04EC0-301F-11D3-BF4B-00C04F79EFBC}") = "MaxChemical.Modules.Data", "MaxChemical.Modules.Data\MaxChemical.Modules.Data.csproj", "{9DF4CF98-9004-F13B-B67A-8F229CB9FE1A}"
EndProject
Project("{FAE04EC0-301F-11D3-BF4B-00C04F79EFBC}") = "MaxChemical.Modules.Designer", "MaxChemical.Modules.Designer\MaxChemical.Modules.Designer.csproj", "{2AF4BB8E-5CC2-698C-EBB8-C44643794173}"
EndProject
Project("{FAE04EC0-301F-11D3-BF4B-00C04F79EFBC}") = "MaxChemical.Modules.Device", "MaxChemical.Modules.Device\MaxChemical.Modules.Device.csproj", "{E0374761-ADCF-82F4-8E28-62517ED25898}"
EndProject
Project("{FAE04EC0-301F-11D3-BF4B-00C04F79EFBC}") = "DevicePlugins", "DevicePlugins\DevicePlugins.csproj", "{79C78CBC-DF8D-41E5-AFC8-2BD4CE39E709}"
EndProject
Project("{2150E333-8FDC-42A3-9474-1A3956D46DE8}") = "Plugins", "Plugins", "{02EA681E-C7D8-13C7-8484-4AC65E1B71E8}"
EndProject
Project("{FAE04EC0-301F-11D3-BF4B-00C04F79EFBC}") = "SampleReactorDevice", "SampleReactorDevice\SampleReactorDevice.csproj", "{70B9E213-A83B-4CBB-82C5-7F7800221884}"
EndProject
Project("{FAE04EC0-301F-11D3-BF4B-00C04F79EFBC}") = "FlowEngine.Core", "FlowEngine.Core\FlowEngine.Core.csproj", "{8BBF06C8-A0C2-467F-B65E-066642D5D79A}"
EndProject
Project("{FAE04EC0-301F-11D3-BF4B-00C04F79EFBC}") = "PeristalticPumps_CY", "PeristalticPumps_CY\PeristalticPumps_CY.csproj", "{1957863C-98D5-44A3-A18A-0AADCACB3BF6}"
EndProject
Project("{FAE04EC0-301F-11D3-BF4B-00C04F79EFBC}") = "MaxChemical.Logging", "MaxChemical.Logging\MaxChemical.Logging.csproj", "{09647BA2-E6FC-421D-91C3-BFFB084AC4C6}"
EndProject
Project("{FAE04EC0-301F-11D3-BF4B-00C04F79EFBC}") = "MaxChemical.Data", "MaxChemical.Data\MaxChemical.Data.csproj", "{F84FC2D7-56AF-4462-BC1C-26614F2C8256}"
EndProject
Project("{FAE04EC0-301F-11D3-BF4B-00C04F79EFBC}") = "PeristalticPumps_ModbusTCP", "PeristalticPumps_ModbusTCP\PeristalticPumps_ModbusTCP.csproj", "{B4A30904-93F1-47E7-B764-547D734FCF03}"
EndProject
Project("{FAE04EC0-301F-11D3-BF4B-00C04F79EFBC}") = "FlowMeter_ModbusTCP", "FlowMeter_ModbusTCP\FlowMeter_ModbusTCP.csproj", "{CA73BB0F-C576-4BF9-BC4D-DFADD8EE1D95}"
EndProject
Project("{FAE04EC0-301F-11D3-BF4B-00C04F79EFBC}") = "SolenoidValves_ModbusTCP", "SolenoidValves_ModbusTCP\SolenoidValves_ModbusTCP.csproj", "{32C05E49-25AC-44F3-800F-CEEBE6DAC69A}"
EndProject
Project("{FAE04EC0-301F-11D3-BF4B-00C04F79EFBC}") = "Scales_ModbusTCP", "Scales_ModbusTCP\Scales_ModbusTCP.csproj", "{5D8703D5-13DE-41A3-A6F0-961DED8CD09A}"
EndProject
Project("{FAE04EC0-301F-11D3-BF4B-00C04F79EFBC}") = "MicroReactor_ModbusTCP", "TemperatureController_ModbusTCP\MicroReactor_ModbusTCP.csproj", "{2FC08328-C922-426B-9ED7-998E562319AE}"
EndProject
Project("{FAE04EC0-301F-11D3-BF4B-00C04F79EFBC}") = "HeatExchanger_ModbusTCP", "HeatExchanger_ModbusTCP\HeatExchanger_ModbusTCP.csproj", "{9B5D21E8-65DD-489B-96C8-B1743DA5FBEC}"
EndProject
Project("{FAE04EC0-301F-11D3-BF4B-00C04F79EFBC}") = "ConicalFlask_ModbusTCP", "ConicalFlask_ModbusTCP\ConicalFlask_ModbusTCP.csproj", "{ABD2ED78-FBCF-43F2-819B-392EB8EE40AD}"
EndProject
Project("{FAE04EC0-301F-11D3-BF4B-00C04F79EFBC}") = "ProportionalReliefValve_ModbusTCP", "ProportionalReliefValve_ModbusTCP\ProportionalReliefValve_ModbusTCP.csproj", "{34057202-4932-4AD0-9242-80A88531BCC7}"
EndProject
Project("{FAE04EC0-301F-11D3-BF4B-00C04F79EFBC}") = "PressureReducingValve_ModbusTCP", "PressureReducingValve_ModbusTCP\PressureReducingValve_ModbusTCP.csproj", "{002EA204-893A-4184-9933-41F4157C21F0}"
EndProject
Project("{FAE04EC0-301F-11D3-BF4B-00C04F79EFBC}") = "TemperatureCirculator_ModbusTCP", "TemperatureCirculator_ModbusTCP\TemperatureCirculator_ModbusTCP.csproj", "{09D2A2BF-FF23-4C87-97EC-685A46840995}"
EndProject
Project("{FAE04EC0-301F-11D3-BF4B-00C04F79EFBC}") = "RoboticArmTest_ModbusTCP", "RoboticArmTest_ModbusTCP\RoboticArmTest_ModbusTCP.csproj", "{D77E9EB3-214D-42A5-9D0E-B97490A63AF0}"
EndProject
Project("{FAE04EC0-301F-11D3-BF4B-00C04F79EFBC}") = "DigitalScale_ModbusTCP", "DigitalScale_ModbusTCP\DigitalScale_ModbusTCP.csproj", "{0B2AA6D1-4BCE-6671-D812-B00BCDDF24EE}"
EndProject
Project("{FAE04EC0-301F-11D3-BF4B-00C04F79EFBC}") = "TubularReactor_ModbusTCP", "TubularReactor_ModbusTCP\TubularReactor_ModbusTCP.csproj", "{0C1AE729-25DC-4D3A-B1D7-FFEBC775C678}"
EndProject
Project("{FAE04EC0-301F-11D3-BF4B-00C04F79EFBC}") = "MaxChemical.Modules.DOE", "MaxChemical.Modules.DOE\MaxChemical.Modules.DOE.csproj", "{95F0F9D2-0A49-42F7-BA64-CFD864B3FBA6}"
EndProject
Project("{FAE04EC0-301F-11D3-BF4B-00C04F79EFBC}") = "SimulatedProcessDevice", "SimulatedProcessDevice\SimulatedProcessDevice.csproj", "{7C8F52B1-1ED0-4EBF-9597-03841B531576}"
EndProject
Project("{FAE04EC0-301F-11D3-BF4B-00C04F79EFBC}") = "MaxChemical.Modules.DOE.Tests", "MaxChemical.Modules.DOE.Tests\MaxChemical.Modules.DOE.Tests.csproj", "{A8A4CA29-8394-40E5-A23D-BD9B6BB5DFF3}"
EndProject
Project("{FAE04EC0-301F-11D3-BF4B-00C04F79EFBC}") = "SiphonInfusionPump_ModbusRTU", "SiphonInfusionPump_ModbusTcp\SiphonInfusionPump_ModbusRTU.csproj", "{AEFFDDBD-34B2-4728-9055-41E8A1608DD2}"
EndProject
Project("{FAE04EC0-301F-11D3-BF4B-00C04F79EFBC}") = "MaxChemical.GatewayConfig.Proxy", "MaxChemical.GatewayConfig.Proxy\MaxChemical.GatewayConfig.Proxy.csproj", "{1E62EDF5-43C0-DE51-84E5-28106B0008DA}"
EndProject
Project("{FAE04EC0-301F-11D3-BF4B-00C04F79EFBC}") = "MaxChemical.Modules.GatewayConfig", "MaxChemical.Modules.GatewayConfig\MaxChemical.Modules.GatewayConfig.csproj", "{170F7791-8FC9-011A-0B59-680180B68642}"
EndProject
Project("{FAE04EC0-301F-11D3-BF4B-00C04F79EFBC}") = "DynamicTubularReactor_ModbusRTU", "DynamicTubularReactor_ModbusRTU\DynamicTubularReactor_ModbusRTU.csproj", "{25451B0D-50F2-40D9-8ACC-95BDB326C4DF}"
EndProject
Project("{FAE04EC0-301F-11D3-BF4B-00C04F79EFBC}") = "SiliconCarbideChip_ModbusRTU", "SiliconCarbideChip_ModbusRTU\SiliconCarbideChip_ModbusRTU.csproj", "{676460DF-1863-4EB2-867A-0A6B61C545E0}"
EndProject
Project("{FAE04EC0-301F-11D3-BF4B-00C04F79EFBC}") = "HighPreactor_ModbusRTU", "HighPreactor_ModbusRTU\HighPreactor_ModbusRTU.csproj", "{7263C943-D92F-4BD3-9BAC-00DB9A01A7EF}"
EndProject
Project("{FAE04EC0-301F-11D3-BF4B-00C04F79EFBC}") = "TwoLiquidOneGasFeedSystem_ModbusRTU", "TwoLiquidOneGasFeedSystem_ModbusRTU\TwoLiquidOneGasFeedSystem_ModbusRTU.csproj", "{3EED879B-F7E2-44E8-BB70-C449684E88BA}"
EndProject
Project("{FAE04EC0-301F-11D3-BF4B-00C04F79EFBC}") = "HighLowTemperature_ModbusTCP", "HighLowTemperature_ModbusTCP\HighLowTemperature_ModbusTCP.csproj", "{ED6D443E-62AA-4E61-A7F2-4E67F224E4A3}"
EndProject
Global
	GlobalSection(SolutionConfigurationPlatforms) = preSolution
		Debug|Any CPU = Debug|Any CPU
		Release|Any CPU = Release|Any CPU
	EndGlobalSection
	GlobalSection(ProjectConfigurationPlatforms) = postSolution
		{F96DA0CA-79A7-4387-AAAF-6DD47577BFA7}.Debug|Any CPU.ActiveCfg = Debug|Any CPU
		{F96DA0CA-79A7-4387-AAAF-6DD47577BFA7}.Debug|Any CPU.Build.0 = Debug|Any CPU
		{F96DA0CA-79A7-4387-AAAF-6DD47577BFA7}.Release|Any CPU.ActiveCfg = Release|Any CPU
		{F96DA0CA-79A7-4387-AAAF-6DD47577BFA7}.Release|Any CPU.Build.0 = Release|Any CPU
		{579F79ED-B10C-45E2-8BD2-7ADAAD6D6413}.Debug|Any CPU.ActiveCfg = Debug|Any CPU
		{579F79ED-B10C-45E2-8BD2-7ADAAD6D6413}.Debug|Any CPU.Build.0 = Debug|Any CPU
		{579F79ED-B10C-45E2-8BD2-7ADAAD6D6413}.Release|Any CPU.ActiveCfg = Release|Any CPU
		{579F79ED-B10C-45E2-8BD2-7ADAAD6D6413}.Release|Any CPU.Build.0 = Release|Any CPU
		{F8715EB9-71FA-FC15-1255-B24C22573BB5}.Debug|Any CPU.ActiveCfg = Debug|Any CPU
		{F8715EB9-71FA-FC15-1255-B24C22573BB5}.Debug|Any CPU.Build.0 = Debug|Any CPU
		{F8715EB9-71FA-FC15-1255-B24C22573BB5}.Release|Any CPU.ActiveCfg = Release|Any CPU
		{F8715EB9-71FA-FC15-1255-B24C22573BB5}.Release|Any CPU.Build.0 = Release|Any CPU
		{9DF4CF98-9004-F13B-B67A-8F229CB9FE1A}.Debug|Any CPU.ActiveCfg = Debug|Any CPU
		{9DF4CF98-9004-F13B-B67A-8F229CB9FE1A}.Debug|Any CPU.Build.0 = Debug|Any CPU
		{9DF4CF98-9004-F13B-B67A-8F229CB9FE1A}.Release|Any CPU.ActiveCfg = Release|Any CPU
		{9DF4CF98-9004-F13B-B67A-8F229CB9FE1A}.Release|Any CPU.Build.0 = Release|Any CPU
		{2AF4BB8E-5CC2-698C-EBB8-C44643794173}.Debug|Any CPU.ActiveCfg = Debug|Any CPU
		{2AF4BB8E-5CC2-698C-EBB8-C44643794173}.Debug|Any CPU.Build.0 = Debug|Any CPU
		{2AF4BB8E-5CC2-698C-EBB8-C44643794173}.Release|Any CPU.ActiveCfg = Release|Any CPU
		{2AF4BB8E-5CC2-698C-EBB8-C44643794173}.Release|Any CPU.Build.0 = Release|Any CPU
		{E0374761-ADCF-82F4-8E28-62517ED25898}.Debug|Any CPU.ActiveCfg = Debug|Any CPU
		{E0374761-ADCF-82F4-8E28-62517ED25898}.Debug|Any CPU.Build.0 = Debug|Any CPU
		{E0374761-ADCF-82F4-8E28-62517ED25898}.Release|Any CPU.ActiveCfg = Release|Any CPU
		{E0374761-ADCF-82F4-8E28-62517ED25898}.Release|Any CPU.Build.0 = Release|Any CPU
		{79C78CBC-DF8D-41E5-AFC8-2BD4CE39E709}.Debug|Any CPU.ActiveCfg = Debug|Any CPU
		{79C78CBC-DF8D-41E5-AFC8-2BD4CE39E709}.Debug|Any CPU.Build.0 = Debug|Any CPU
		{79C78CBC-DF8D-41E5-AFC8-2BD4CE39E709}.Release|Any CPU.ActiveCfg = Release|Any CPU
		{79C78CBC-DF8D-41E5-AFC8-2BD4CE39E709}.Release|Any CPU.Build.0 = Release|Any CPU
		{70B9E213-A83B-4CBB-82C5-7F7800221884}.Debug|Any CPU.ActiveCfg = Debug|Any CPU
		{70B9E213-A83B-4CBB-82C5-7F7800221884}.Debug|Any CPU.Build.0 = Debug|Any CPU
		{70B9E213-A83B-4CBB-82C5-7F7800221884}.Release|Any CPU.ActiveCfg = Release|Any CPU
		{70B9E213-A83B-4CBB-82C5-7F7800221884}.Release|Any CPU.Build.0 = Release|Any CPU
		{8BBF06C8-A0C2-467F-B65E-066642D5D79A}.Debug|Any CPU.ActiveCfg = Debug|Any CPU
		{8BBF06C8-A0C2-467F-B65E-066642D5D79A}.Debug|Any CPU.Build.0 = Debug|Any CPU
		{8BBF06C8-A0C2-467F-B65E-066642D5D79A}.Release|Any CPU.ActiveCfg = Release|Any CPU
		{8BBF06C8-A0C2-467F-B65E-066642D5D79A}.Release|Any CPU.Build.0 = Release|Any CPU
		{1957863C-98D5-44A3-A18A-0AADCACB3BF6}.Debug|Any CPU.ActiveCfg = Debug|Any CPU
		{1957863C-98D5-44A3-A18A-0AADCACB3BF6}.Debug|Any CPU.Build.0 = Debug|Any CPU
		{1957863C-98D5-44A3-A18A-0AADCACB3BF6}.Release|Any CPU.ActiveCfg = Release|Any CPU
		{1957863C-98D5-44A3-A18A-0AADCACB3BF6}.Release|Any CPU.Build.0 = Release|Any CPU
		{09647BA2-E6FC-421D-91C3-BFFB084AC4C6}.Debug|Any CPU.ActiveCfg = Debug|Any CPU
		{09647BA2-E6FC-421D-91C3-BFFB084AC4C6}.Debug|Any CPU.Build.0 = Debug|Any CPU
		{09647BA2-E6FC-421D-91C3-BFFB084AC4C6}.Release|Any CPU.ActiveCfg = Release|Any CPU
		{09647BA2-E6FC-421D-91C3-BFFB084AC4C6}.Release|Any CPU.Build.0 = Release|Any CPU
		{F84FC2D7-56AF-4462-BC1C-26614F2C8256}.Debug|Any CPU.ActiveCfg = Debug|Any CPU
		{F84FC2D7-56AF-4462-BC1C-26614F2C8256}.Debug|Any CPU.Build.0 = Debug|Any CPU
		{F84FC2D7-56AF-4462-BC1C-26614F2C8256}.Release|Any CPU.ActiveCfg = Release|Any CPU
		{F84FC2D7-56AF-4462-BC1C-26614F2C8256}.Release|Any CPU.Build.0 = Release|Any CPU
		{B4A30904-93F1-47E7-B764-547D734FCF03}.Debug|Any CPU.ActiveCfg = Debug|Any CPU
		{B4A30904-93F1-47E7-B764-547D734FCF03}.Debug|Any CPU.Build.0 = Debug|Any CPU
		{B4A30904-93F1-47E7-B764-547D734FCF03}.Release|Any CPU.ActiveCfg = Release|Any CPU
		{B4A30904-93F1-47E7-B764-547D734FCF03}.Release|Any CPU.Build.0 = Release|Any CPU
		{CA73BB0F-C576-4BF9-BC4D-DFADD8EE1D95}.Debug|Any CPU.ActiveCfg = Debug|Any CPU
		{CA73BB0F-C576-4BF9-BC4D-DFADD8EE1D95}.Debug|Any CPU.Build.0 = Debug|Any CPU
		{CA73BB0F-C576-4BF9-BC4D-DFADD8EE1D95}.Release|Any CPU.ActiveCfg = Release|Any CPU
		{CA73BB0F-C576-4BF9-BC4D-DFADD8EE1D95}.Release|Any CPU.Build.0 = Release|Any CPU
		{32C05E49-25AC-44F3-800F-CEEBE6DAC69A}.Debug|Any CPU.ActiveCfg = Debug|Any CPU
		{32C05E49-25AC-44F3-800F-CEEBE6DAC69A}.Debug|Any CPU.Build.0 = Debug|Any CPU
		{32C05E49-25AC-44F3-800F-CEEBE6DAC69A}.Release|Any CPU.ActiveCfg = Release|Any CPU
		{32C05E49-25AC-44F3-800F-CEEBE6DAC69A}.Release|Any CPU.Build.0 = Release|Any CPU
		{5D8703D5-13DE-41A3-A6F0-961DED8CD09A}.Debug|Any CPU.ActiveCfg = Debug|Any CPU
		{5D8703D5-13DE-41A3-A6F0-961DED8CD09A}.Debug|Any CPU.Build.0 = Debug|Any CPU
		{5D8703D5-13DE-41A3-A6F0-961DED8CD09A}.Release|Any CPU.ActiveCfg = Release|Any CPU
		{5D8703D5-13DE-41A3-A6F0-961DED8CD09A}.Release|Any CPU.Build.0 = Release|Any CPU
		{2FC08328-C922-426B-9ED7-998E562319AE}.Debug|Any CPU.ActiveCfg = Debug|Any CPU
		{2FC08328-C922-426B-9ED7-998E562319AE}.Debug|Any CPU.Build.0 = Debug|Any CPU
		{2FC08328-C922-426B-9ED7-998E562319AE}.Release|Any CPU.ActiveCfg = Release|Any CPU
		{2FC08328-C922-426B-9ED7-998E562319AE}.Release|Any CPU.Build.0 = Release|Any CPU
		{9B5D21E8-65DD-489B-96C8-B1743DA5FBEC}.Debug|Any CPU.ActiveCfg = Debug|Any CPU
		{9B5D21E8-65DD-489B-96C8-B1743DA5FBEC}.Debug|Any CPU.Build.0 = Debug|Any CPU
		{9B5D21E8-65DD-489B-96C8-B1743DA5FBEC}.Release|Any CPU.ActiveCfg = Release|Any CPU
		{9B5D21E8-65DD-489B-96C8-B1743DA5FBEC}.Release|Any CPU.Build.0 = Release|Any CPU
		{ABD2ED78-FBCF-43F2-819B-392EB8EE40AD}.Debug|Any CPU.ActiveCfg = Debug|Any CPU
		{ABD2ED78-FBCF-43F2-819B-392EB8EE40AD}.Debug|Any CPU.Build.0 = Debug|Any CPU
		{ABD2ED78-FBCF-43F2-819B-392EB8EE40AD}.Release|Any CPU.ActiveCfg = Release|Any CPU
		{ABD2ED78-FBCF-43F2-819B-392EB8EE40AD}.Release|Any CPU.Build.0 = Release|Any CPU
		{34057202-4932-4AD0-9242-80A88531BCC7}.Debug|Any CPU.ActiveCfg = Debug|Any CPU
		{34057202-4932-4AD0-9242-80A88531BCC7}.Debug|Any CPU.Build.0 = Debug|Any CPU
		{34057202-4932-4AD0-9242-80A88531BCC7}.Release|Any CPU.ActiveCfg = Release|Any CPU
		{34057202-4932-4AD0-9242-80A88531BCC7}.Release|Any CPU.Build.0 = Release|Any CPU
		{002EA204-893A-4184-9933-41F4157C21F0}.Debug|Any CPU.ActiveCfg = Debug|Any CPU
		{002EA204-893A-4184-9933-41F4157C21F0}.Debug|Any CPU.Build.0 = Debug|Any CPU
		{002EA204-893A-4184-9933-41F4157C21F0}.Release|Any CPU.ActiveCfg = Release|Any CPU
		{002EA204-893A-4184-9933-41F4157C21F0}.Release|Any CPU.Build.0 = Release|Any CPU
		{09D2A2BF-FF23-4C87-97EC-685A46840995}.Debug|Any CPU.ActiveCfg = Debug|Any CPU
		{09D2A2BF-FF23-4C87-97EC-685A46840995}.Debug|Any CPU.Build.0 = Debug|Any CPU
		{09D2A2BF-FF23-4C87-97EC-685A46840995}.Release|Any CPU.ActiveCfg = Release|Any CPU
		{09D2A2BF-FF23-4C87-97EC-685A46840995}.Release|Any CPU.Build.0 = Release|Any CPU
		{D77E9EB3-214D-42A5-9D0E-B97490A63AF0}.Debug|Any CPU.ActiveCfg = Debug|Any CPU
		{D77E9EB3-214D-42A5-9D0E-B97490A63AF0}.Debug|Any CPU.Build.0 = Debug|Any CPU
		{D77E9EB3-214D-42A5-9D0E-B97490A63AF0}.Release|Any CPU.ActiveCfg = Release|Any CPU
		{D77E9EB3-214D-42A5-9D0E-B97490A63AF0}.Release|Any CPU.Build.0 = Release|Any CPU
		{0B2AA6D1-4BCE-6671-D812-B00BCDDF24EE}.Debug|Any CPU.ActiveCfg = Debug|Any CPU
		{0B2AA6D1-4BCE-6671-D812-B00BCDDF24EE}.Debug|Any CPU.Build.0 = Debug|Any CPU
		{0B2AA6D1-4BCE-6671-D812-B00BCDDF24EE}.Release|Any CPU.ActiveCfg = Release|Any CPU
		{0B2AA6D1-4BCE-6671-D812-B00BCDDF24EE}.Release|Any CPU.Build.0 = Release|Any CPU
		{0C1AE729-25DC-4D3A-B1D7-FFEBC775C678}.Debug|Any CPU.ActiveCfg = Debug|Any CPU
		{0C1AE729-25DC-4D3A-B1D7-FFEBC775C678}.Debug|Any CPU.Build.0 = Debug|Any CPU
		{0C1AE729-25DC-4D3A-B1D7-FFEBC775C678}.Release|Any CPU.ActiveCfg = Release|Any CPU
		{0C1AE729-25DC-4D3A-B1D7-FFEBC775C678}.Release|Any CPU.Build.0 = Release|Any CPU
		{95F0F9D2-0A49-42F7-BA64-CFD864B3FBA6}.Debug|Any CPU.ActiveCfg = Debug|Any CPU
		{95F0F9D2-0A49-42F7-BA64-CFD864B3FBA6}.Debug|Any CPU.Build.0 = Debug|Any CPU
		{95F0F9D2-0A49-42F7-BA64-CFD864B3FBA6}.Release|Any CPU.ActiveCfg = Release|Any CPU
		{95F0F9D2-0A49-42F7-BA64-CFD864B3FBA6}.Release|Any CPU.Build.0 = Release|Any CPU
		{7C8F52B1-1ED0-4EBF-9597-03841B531576}.Debug|Any CPU.ActiveCfg = Debug|Any CPU
		{7C8F52B1-1ED0-4EBF-9597-03841B531576}.Debug|Any CPU.Build.0 = Debug|Any CPU
		{7C8F52B1-1ED0-4EBF-9597-03841B531576}.Release|Any CPU.ActiveCfg = Release|Any CPU
		{7C8F52B1-1ED0-4EBF-9597-03841B531576}.Release|Any CPU.Build.0 = Release|Any CPU
		{A8A4CA29-8394-40E5-A23D-BD9B6BB5DFF3}.Debug|Any CPU.ActiveCfg = Debug|Any CPU
		{A8A4CA29-8394-40E5-A23D-BD9B6BB5DFF3}.Debug|Any CPU.Build.0 = Debug|Any CPU
		{A8A4CA29-8394-40E5-A23D-BD9B6BB5DFF3}.Release|Any CPU.ActiveCfg = Release|Any CPU
		{A8A4CA29-8394-40E5-A23D-BD9B6BB5DFF3}.Release|Any CPU.Build.0 = Release|Any CPU
		{AEFFDDBD-34B2-4728-9055-41E8A1608DD2}.Debug|Any CPU.ActiveCfg = Debug|Any CPU
		{AEFFDDBD-34B2-4728-9055-41E8A1608DD2}.Debug|Any CPU.Build.0 = Debug|Any CPU
		{AEFFDDBD-34B2-4728-9055-41E8A1608DD2}.Release|Any CPU.ActiveCfg = Release|Any CPU
		{AEFFDDBD-34B2-4728-9055-41E8A1608DD2}.Release|Any CPU.Build.0 = Release|Any CPU
		{1E62EDF5-43C0-DE51-84E5-28106B0008DA}.Debug|Any CPU.ActiveCfg = Debug|Any CPU
		{1E62EDF5-43C0-DE51-84E5-28106B0008DA}.Debug|Any CPU.Build.0 = Debug|Any CPU
		{1E62EDF5-43C0-DE51-84E5-28106B0008DA}.Release|Any CPU.ActiveCfg = Release|Any CPU
		{1E62EDF5-43C0-DE51-84E5-28106B0008DA}.Release|Any CPU.Build.0 = Release|Any CPU
		{170F7791-8FC9-011A-0B59-680180B68642}.Debug|Any CPU.ActiveCfg = Debug|Any CPU
		{170F7791-8FC9-011A-0B59-680180B68642}.Debug|Any CPU.Build.0 = Debug|Any CPU
		{170F7791-8FC9-011A-0B59-680180B68642}.Release|Any CPU.ActiveCfg = Release|Any CPU
		{170F7791-8FC9-011A-0B59-680180B68642}.Release|Any CPU.Build.0 = Release|Any CPU
		{25451B0D-50F2-40D9-8ACC-95BDB326C4DF}.Debug|Any CPU.ActiveCfg = Debug|Any CPU
		{25451B0D-50F2-40D9-8ACC-95BDB326C4DF}.Debug|Any CPU.Build.0 = Debug|Any CPU
		{25451B0D-50F2-40D9-8ACC-95BDB326C4DF}.Release|Any CPU.ActiveCfg = Release|Any CPU
		{25451B0D-50F2-40D9-8ACC-95BDB326C4DF}.Release|Any CPU.Build.0 = Release|Any CPU
		{676460DF-1863-4EB2-867A-0A6B61C545E0}.Debug|Any CPU.ActiveCfg = Debug|Any CPU
		{676460DF-1863-4EB2-867A-0A6B61C545E0}.Debug|Any CPU.Build.0 = Debug|Any CPU
		{676460DF-1863-4EB2-867A-0A6B61C545E0}.Release|Any CPU.ActiveCfg = Release|Any CPU
		{676460DF-1863-4EB2-867A-0A6B61C545E0}.Release|Any CPU.Build.0 = Release|Any CPU
		{7263C943-D92F-4BD3-9BAC-00DB9A01A7EF}.Debug|Any CPU.ActiveCfg = Debug|Any CPU
		{7263C943-D92F-4BD3-9BAC-00DB9A01A7EF}.Debug|Any CPU.Build.0 = Debug|Any CPU
		{7263C943-D92F-4BD3-9BAC-00DB9A01A7EF}.Release|Any CPU.ActiveCfg = Release|Any CPU
		{7263C943-D92F-4BD3-9BAC-00DB9A01A7EF}.Release|Any CPU.Build.0 = Release|Any CPU
		{3EED879B-F7E2-44E8-BB70-C449684E88BA}.Debug|Any CPU.ActiveCfg = Debug|Any CPU
		{3EED879B-F7E2-44E8-BB70-C449684E88BA}.Debug|Any CPU.Build.0 = Debug|Any CPU
		{3EED879B-F7E2-44E8-BB70-C449684E88BA}.Release|Any CPU.ActiveCfg = Release|Any CPU
		{3EED879B-F7E2-44E8-BB70-C449684E88BA}.Release|Any CPU.Build.0 = Release|Any CPU
		{ED6D443E-62AA-4E61-A7F2-4E67F224E4A3}.Debug|Any CPU.ActiveCfg = Debug|Any CPU
		{ED6D443E-62AA-4E61-A7F2-4E67F224E4A3}.Debug|Any CPU.Build.0 = Debug|Any CPU
		{ED6D443E-62AA-4E61-A7F2-4E67F224E4A3}.Release|Any CPU.ActiveCfg = Release|Any CPU
		{ED6D443E-62AA-4E61-A7F2-4E67F224E4A3}.Release|Any CPU.Build.0 = Release|Any CPU
	EndGlobalSection
	GlobalSection(SolutionProperties) = preSolution
		HideSolutionNode = FALSE
	EndGlobalSection
	GlobalSection(NestedProjects) = preSolution
		{70B9E213-A83B-4CBB-82C5-7F7800221884} = {02EA681E-C7D8-13C7-8484-4AC65E1B71E8}
		{1957863C-98D5-44A3-A18A-0AADCACB3BF6} = {02EA681E-C7D8-13C7-8484-4AC65E1B71E8}
		{B4A30904-93F1-47E7-B764-547D734FCF03} = {02EA681E-C7D8-13C7-8484-4AC65E1B71E8}
		{CA73BB0F-C576-4BF9-BC4D-DFADD8EE1D95} = {02EA681E-C7D8-13C7-8484-4AC65E1B71E8}
		{32C05E49-25AC-44F3-800F-CEEBE6DAC69A} = {02EA681E-C7D8-13C7-8484-4AC65E1B71E8}
		{5D8703D5-13DE-41A3-A6F0-961DED8CD09A} = {02EA681E-C7D8-13C7-8484-4AC65E1B71E8}
		{2FC08328-C922-426B-9ED7-998E562319AE} = {02EA681E-C7D8-13C7-8484-4AC65E1B71E8}
		{9B5D21E8-65DD-489B-96C8-B1743DA5FBEC} = {02EA681E-C7D8-13C7-8484-4AC65E1B71E8}
		{ABD2ED78-FBCF-43F2-819B-392EB8EE40AD} = {02EA681E-C7D8-13C7-8484-4AC65E1B71E8}
		{34057202-4932-4AD0-9242-80A88531BCC7} = {02EA681E-C7D8-13C7-8484-4AC65E1B71E8}
		{002EA204-893A-4184-9933-41F4157C21F0} = {02EA681E-C7D8-13C7-8484-4AC65E1B71E8}
		{09D2A2BF-FF23-4C87-97EC-685A46840995} = {02EA681E-C7D8-13C7-8484-4AC65E1B71E8}
		{D77E9EB3-214D-42A5-9D0E-B97490A63AF0} = {02EA681E-C7D8-13C7-8484-4AC65E1B71E8}
		{0B2AA6D1-4BCE-6671-D812-B00BCDDF24EE} = {02EA681E-C7D8-13C7-8484-4AC65E1B71E8}
		{0C1AE729-25DC-4D3A-B1D7-FFEBC775C678} = {02EA681E-C7D8-13C7-8484-4AC65E1B71E8}
		{7C8F52B1-1ED0-4EBF-9597-03841B531576} = {02EA681E-C7D8-13C7-8484-4AC65E1B71E8}
		{AEFFDDBD-34B2-4728-9055-41E8A1608DD2} = {02EA681E-C7D8-13C7-8484-4AC65E1B71E8}
		{25451B0D-50F2-40D9-8ACC-95BDB326C4DF} = {02EA681E-C7D8-13C7-8484-4AC65E1B71E8}
		{676460DF-1863-4EB2-867A-0A6B61C545E0} = {02EA681E-C7D8-13C7-8484-4AC65E1B71E8}
		{7263C943-D92F-4BD3-9BAC-00DB9A01A7EF} = {02EA681E-C7D8-13C7-8484-4AC65E1B71E8}
		{3EED879B-F7E2-44E8-BB70-C449684E88BA} = {02EA681E-C7D8-13C7-8484-4AC65E1B71E8}
		{ED6D443E-62AA-4E61-A7F2-4E67F224E4A3} = {02EA681E-C7D8-13C7-8484-4AC65E1B71E8}
	EndGlobalSection
	GlobalSection(ExtensibilityGlobals) = postSolution
		SolutionGuid = {72D8DB25-9C37-4F38-B4CF-213BB0AEEFF7}
	EndGlobalSection
EndGlobal
